github.com/julmot/mark.js v0.0.0-20221116182818-7f7e9820514e h1:EZl5226VdgA6DxtbGRgEODgmvT845TKZ1Sl7uZOFT/U=
github.com/julmot/mark.js v0.0.0-20221116182818-7f7e9820514e/go.mod h1:aAyDyl2EhNPiZbFqqURsAmxYwwTHslrIxZErXMO3pJQ=
github.com/kaushalmodi/hugo-atom-feed v0.2.0 h1:7jeUfQTBal7SjcAR0fPMKIsfMXb8OLoTo1BPMkLO1vQ=
github.com/kaushalmodi/hugo-atom-feed v0.2.0/go.mod h1:eNCxNrqVpeR5IvtTrAB1J8ruthtI3KtHMlOIwp0rafo=
github.com/kaushalmodi/hugo-debugprint v0.1.0 h1:L8McCoJ0WPkKSRQ0f3j4mMGubIedbOWdLs9Y4/rPGAs=
github.com/kaushalmodi/hugo-debugprint v0.1.0/go.mod h1:vusrDLlGE+4Uc1b4PgM0dI8lJCEqC1o7NjFr8WIfkaQ=
github.com/kaushalmodi/hugo-jf2 v0.2.0 h1:/p5njKwFHpWlKLPtD7siISsac1bQzOgYzFvOaNuf2Yc=
github.com/kaushalmodi/hugo-jf2 v0.2.0/go.mod h1:g2lfnXOKlV6iQ3X5a4tJBOLwMZRfbR32jdiq/nSSNPg=
github.com/kaushalmodi/hugo-search-fuse-js v0.4.4 h1:zEnFYi9DYMoHLsMOf5QqXcQJnfEYGaNanqjnTjlJjto=
github.com/kaushalmodi/hugo-search-fuse-js v0.4.4/go.mod h1:Wr6gbPat+KW6wReh/hDBykKIWn296FsEkuhojJvHHxw=
github.com/krisk/Fuse v7.0.0+incompatible h1:jVyg6No+Joc51Rn97QQYJZIpCxzd4ywACn/4+FKWjvo=
github.com/krisk/Fuse v7.0.0+incompatible/go.mod h1:3moWv8rDjwoKic9nwiPLgZjldkbdTAbtzJHCu/Vsj4A=
gitlab.com/kaushalmodi/hugo-theme-refined v0.14.5 h1:o8EhC9wzGMnSCKNmCqzrKc6PIM4DBCN8WjXvYSXjGbk=
gitlab.com/kaushalmodi/hugo-theme-refined v0.14.5/go.mod h1:/neiFc1Liz+RMJKLYV+joZzV0/ZgJpe9wpH3Tzm8Sok=
